{
  "name": "form-otobo",
  "version": "1.0.0",
  "lockfileVersion": 3,
  "requires": true,
  "packages": {
    "": {
      "name": "form-otobo",
      "version": "1.0.0",
      "license": "ISC",
      "dependencies": {
        "daisyui": "^5.7.15",
        "tailwindcss": "^4.3.3"
      }
    },
    "node_modules/daisyui": {
      "version": "5.7.15",
      "resolved": "https://registry.npmjs.org/daisyui/-/daisyui-5.7.15.tgz",
      "integrity": "sha512-62W6wiH6AhFKJ2ZcpJVcuPGQXbIgwq8BZZx78iJ3/T8lqrdY+UpQlYWb4IQQQXZ81NMwyX+CKS2+8HaTOE3ctA==",
      "license": "MIT",
      "funding": {
        "url": "https://github.com/saadeghi/daisyui?sponsor=1"
      }
    },
    "node_modules/tailwindcss": {
      "version": "4.3.3",
      "resolved": "https://registry.npmjs.org/tailwindcss/-/tailwindcss-4.3.3.tgz",
      "integrity": "sha512-gOhV3P7ufE62QDGg1zVaTgCR+EtPv92k2nIhVcVKcLmxT1sUBsQGhnZj175j+MqRt4zLF7ic+sCYjfhxMxj7YQ==",
      "license": "MIT"
    }
  }
}
